{
    "_readme": [
        "This file locks the dependencies of your project to a known state",
        "Read more about it at https://getcomposer.org/doc/01-basic-usage.md#installing-dependencies",
        "This file is @generated automatically"
    ],
    "content-hash": "be35cc40fe94b3e1650de9f6a132da92",
    "packages": [
        {
            "name": "laminas/laminas-ldap",
            "version": "2.15.0",
            "source": {
                "type": "git",
                "url": "https://github.com/laminas/laminas-ldap.git",
                "reference": "e21bf1177b2cbdae57f75355a8fd0774438a42d2"
            },
            "dist": {
                "type": "zip",
                "url": "https://api.github.com/repos/laminas/laminas-ldap/zipball/e21bf1177b2cbdae57f75355a8fd0774438a42d2",
                "reference": "e21bf1177b2cbdae57f75355a8fd0774438a42d2",
                "shasum": ""
            },
            "require": {
                "ext-ldap": "*",
                "php": "^7.4 || ~8.0.0 || ~8.1.0"
            },
            "conflict": {
                "zendframework/zend-ldap": "*"
            },
            "require-dev": {
                "laminas/laminas-coding-standard": "~2.4.0",
                "laminas/laminas-config": "^3.7.0",
                "laminas/laminas-eventmanager": "^3.4.0",
                "laminas/laminas-stdlib": "^3.7.1",
                "php-mock/php-mock-phpunit": "^2.6.0",
                "phpunit/phpunit": "^9.5.19",
                "psalm/plugin-phpunit": "^0.17.0",
                "vimeo/psalm": "^4.22.0"
            },
            "suggest": {
                "laminas/laminas-eventmanager": "Laminas\\EventManager component"
            },
            "type": "library",
            "autoload": {
                "psr-4": {
                    "Laminas\\Ldap\\": "src/"
                }
            },
            "notification-url": "https://packagist.org/downloads/",
            "license": [
                "BSD-3-Clause"
            ],
            "description": "Provides support for LDAP operations including but not limited to binding, searching and modifying entries in an LDAP directory",
            "homepage": "https://laminas.dev",
            "keywords": [
                "laminas",
                "ldap"
            ],
            "funding": [
                {
                    "url": "https://funding.communitybridge.org/projects/laminas-project",
                    "type": "community_bridge"
                }
            ],
            "time": "2022-09-03T10:04:41+00:00"
        },
        {
            "name": "laminas/laminas-zendframework-bridge",
            "version": "1.1.1",
            "source": {
                "type": "git",
                "url": "https://github.com/laminas/laminas-zendframework-bridge.git",
                "reference": "6ede70583e101030bcace4dcddd648f760ddf642"
            },
            "dist": {
                "type": "zip",
                "url": "https://api.github.com/repos/laminas/laminas-zendframework-bridge/zipball/6ede70583e101030bcace4dcddd648f760ddf642",
                "reference": "6ede70583e101030bcace4dcddd648f760ddf642",
                "shasum": ""
            },
            "require": {
                "php": "^5.6 || ^7.0 || ^8.0"
            },
            "require-dev": {
                "phpunit/phpunit": "^5.7 || ^6.5 || ^7.5 || ^8.1 || ^9.3",
                "squizlabs/php_codesniffer": "^3.5"
            },
            "type": "library",
            "extra": {
                "laminas": {
                    "module": "Laminas\\ZendFrameworkBridge"
                }
            },
            "autoload": {
                "files": [
                    "src/autoload.php"
                ],
                "psr-4": {
                    "Laminas\\ZendFrameworkBridge\\": "src//"
                }
            },
            "notification-url": "https://packagist.org/downloads/",
            "license": [
                "BSD-3-Clause"
            ],
            "description": "Alias legacy ZF class names to Laminas Project equivalents.",
            "keywords": [
                "ZendFramework",
                "autoloading",
                "laminas",
                "zf"
            ],
            "funding": [
                {
                    "url": "https://funding.communitybridge.org/projects/laminas-project",
                    "type": "community_bridge"
                }
            ],
            "time": "2020-09-14T14:23:00+00:00"
        }
    ],
    "packages-dev": [],
    "aliases": [],
    "minimum-stability": "stable",
    "stability-flags": [],
    "prefer-stable": false,
    "prefer-lowest": false,
    "platform": [],
    "platform-dev": [],
    "platform-overrides": {
        "php": "7.4"
    },
    "plugin-api-version": "1.1.0"
}
