{
    "_readme": [
        "This file locks the dependencies of your project to a known state",
        "Read more about it at https://getcomposer.org/doc/01-basic-usage.md#installing-dependencies",
        "This file is @generated automatically"
    ],
    "content-hash": "eac43304cc0e24a2e121b641adb6ccd3",
    "packages": [
        {
            "name": "zendframework/zend-ldap",
            "version": "2.10.1",
            "source": {
                "type": "git",
                "url": "https://github.com/zendframework/zend-ldap.git",
                "reference": "525ec97cd18a42a953c6a78c1019f967d2539b88"
            },
            "dist": {
                "type": "zip",
                "url": "https://api.github.com/repos/zendframework/zend-ldap/zipball/525ec97cd18a42a953c6a78c1019f967d2539b88",
                "reference": "525ec97cd18a42a953c6a78c1019f967d2539b88",
                "shasum": ""
            },
            "require": {
                "ext-ldap": "*",
                "php": "^5.6 || ^7.0"
            },
            "require-dev": {
                "php-mock/php-mock-phpunit": "^1.1.2 || ^2.1.1",
                "phpunit/phpunit": "^5.7.27 || ^6.5.8 || ^7.1.2",
                "zendframework/zend-coding-standard": "~1.0.0",
                "zendframework/zend-config": "^2.5",
                "zendframework/zend-eventmanager": "^2.6.3 || ^3.0.1",
                "zendframework/zend-stdlib": "^2.7 || ^3.0"
            },
            "suggest": {
                "zendframework/zend-eventmanager": "Zend\\EventManager component"
            },
            "type": "library",
            "extra": {
                "branch-alias": {
                    "dev-master": "2.10.x-dev",
                    "dev-develop": "2.11.x-dev"
                }
            },
            "autoload": {
                "psr-4": {
                    "Zend\\Ldap\\": "src/"
                }
            },
            "notification-url": "https://packagist.org/downloads/",
            "license": [
                "BSD-3-Clause"
            ],
            "description": "Provides support for LDAP operations including but not limited to binding, searching and modifying entries in an LDAP directory",
            "keywords": [
                "ZendFramework",
                "ldap",
                "zf"
            ],
            "abandoned": "laminas/laminas-ldap",
            "time": "2019-10-17T16:26:26+00:00"
        }
    ],
    "packages-dev": [],
    "aliases": [],
    "minimum-stability": "stable",
    "stability-flags": [],
    "prefer-stable": false,
    "prefer-lowest": false,
    "platform": [],
    "platform-dev": []
}
